// !$*UTF8*$!
{
	archiveVersion = 1;
	classes = {
	};
	objectVersion = 46;
	objects = {

/* Begin PBXBuildFile section */
		00E356F31AD99517003FC87E /* AlBagalTests.m in Sources */ = {isa = PBXBuildFile; fileRef = 00E356F21AD99517003FC87E /* AlBagalTests.m */; };
		13B07FBC1A68108700A75B9A /* AppDelegate.m in Sources */ = {isa = PBXBuildFile; fileRef = 13B07FB01A68108700A75B9A /* AppDelegate.m */; };
		13B07FBD1A68108700A75B9A /* LaunchScreen.xib in Resources */ = {isa = PBXBuildFile; fileRef = 13B07FB11A68108700A75B9A /* LaunchScreen.xib */; };
		13B07FBF1A68108700A75B9A /* Images.xcassets in Resources */ = {isa = PBXBuildFile; fileRef = 13B07FB51A68108700A75B9A /* Images.xcassets */; };
		13B07FC11A68108700A75B9A /* main.m in Sources */ = {isa = PBXBuildFile; fileRef = 13B07FB71A68108700A75B9A /* main.m */; };
		2D02E4BC1E0B4A80006451C7 /* AppDelegate.m in Sources */ = {isa = PBXBuildFile; fileRef = 13B07FB01A68108700A75B9A /* AppDelegate.m */; };
		2D02E4BD1E0B4A84006451C7 /* Images.xcassets in Resources */ = {isa = PBXBuildFile; fileRef = 13B07FB51A68108700A75B9A /* Images.xcassets */; };
		2D02E4BF1E0B4AB3006451C7 /* main.m in Sources */ = {isa = PBXBuildFile; fileRef = 13B07FB71A68108700A75B9A /* main.m */; };
		2DCD954D1E0B4F2C00145EB5 /* AlBagalTests.m in Sources */ = {isa = PBXBuildFile; fileRef = 00E356F21AD99517003FC87E /* AlBagalTests.m */; };
		8079826C5123D59AFD909653 /* libPods-AlBagalTests.a in Frameworks */ = {isa = PBXBuildFile; fileRef = BD246E965C9C4EDB732C8AE7 /* libPods-AlBagalTests.a */; };
		AA2FF6964995C14A2CE68368 /* libPods-AlBagal-tvOSTests.a in Frameworks */ = {isa = PBXBuildFile; fileRef = 6998BF74FB655018E87913B1 /* libPods-AlBagal-tvOSTests.a */; };
		B32313F9B5C369E890065DED /* libPods-AlBagal.a in Frameworks */ = {isa = PBXBuildFile; fileRef = 55F46F097B3DB9925F4CB724 /* libPods-AlBagal.a */; };
		E41DCD31C6BB140FA6191C1C /* libPods-AlBagal-tvOS.a in Frameworks */ = {isa = PBXBuildFile; fileRef = 7E968961C0BF003F258E859D /* libPods-AlBagal-tvOS.a */; };
		8680B62CF16A49BD8D472065 /* AntDesign.ttf in Resources */ = {isa = PBXBuildFile; fileRef = C8B77EC0A08B420DAD521DB7 /* AntDesign.ttf */; };
		9426FBD1D9A0465BBD450A2E /* Entypo.ttf in Resources */ = {isa = PBXBuildFile; fileRef = 31158DB63CD34B66A7673090 /* Entypo.ttf */; };
		35C63DA95FE546D9A77B6B8E /* EvilIcons.ttf in Resources */ = {isa = PBXBuildFile; fileRef = 878EF1A6693D431BAF595B5F /* EvilIcons.ttf */; };
		524096F862164C00BA701ACF /* Feather.ttf in Resources */ = {isa = PBXBuildFile; fileRef = 4BB2178BF2044EB9A89F8841 /* Feather.ttf */; };
		06039540B25E4D24AAA0A765 /* FontAwesome.ttf in Resources */ = {isa = PBXBuildFile; fileRef = FB99327878A64BC891392E39 /* FontAwesome.ttf */; };
		0861809897BB4CBF8655EBCF /* FontAwesome5_Brands.ttf in Resources */ = {isa = PBXBuildFile; fileRef = 3C55E032759C42918DB79C26 /* FontAwesome5_Brands.ttf */; };
		E10F4D1370A34D35B0A861D8 /* FontAwesome5_Regular.ttf in Resources */ = {isa = PBXBuildFile; fileRef = FD468EB36A1647C58CEF852E /* FontAwesome5_Regular.ttf */; };
		E3363B7AF6DB462FB7A8C6CD /* FontAwesome5_Solid.ttf in Resources */ = {isa = PBXBuildFile; fileRef = E8B98C4FEEAC4CE5B26481EF /* FontAwesome5_Solid.ttf */; };
		F82E0F32AE5C4B288BBFEAF4 /* Fontisto.ttf in Resources */ = {isa = PBXBuildFile; fileRef = F287055066E8432EB12463B6 /* Fontisto.ttf */; };
		BCAA7D2BA0B34374889E122C /* Foundation.ttf in Resources */ = {isa = PBXBuildFile; fileRef = D085400BE45C4EBBB0B2BF71 /* Foundation.ttf */; };
		F0D7FF17AE454C75882E0FD2 /* Ionicons.ttf in Resources */ = {isa = PBXBuildFile; fileRef = B38335EBB0B542A4A61FC82D /* Ionicons.ttf */; };
		E4FAAF4CB2A346829CCA1A8A /* MaterialCommunityIcons.ttf in Resources */ = {isa = PBXBuildFile; fileRef = 73912E9222884F69AFB9F44F /* MaterialCommunityIcons.ttf */; };
		7D1CCBDFBF544C37A8EA6A6E /* MaterialIcons.ttf in Resources */ = {isa = PBXBuildFile; fileRef = 40D29A605524433CB3117D0F /* MaterialIcons.ttf */; };
		05998651C9304DA49EE7B9EB /* Octicons.ttf in Resources */ = {isa = PBXBuildFile; fileRef = D3E51C1D76D244FD87E25B70 /* Octicons.ttf */; };
		93D9BC8E232C49DCB04C345E /* SimpleLineIcons.ttf in Resources */ = {isa = PBXBuildFile; fileRef = 7B144F73BD014708B1317905 /* SimpleLineIcons.ttf */; };
		D0E8367035D44CDD9D8DB3E8 /* Zocial.ttf in Resources */ = {isa = PBXBuildFile; fileRef = 5CB396A8684C4FFCA962E232 /* Zocial.ttf */; };
		959C776AFCE74ABBA4127756 /* proxima-bold.otf in Resources */ = {isa = PBXBuildFile; fileRef = 3B10F1E5A7FB43AD84CBAF95 /* proxima-bold.otf */; };
		15A06B7F1D05495081F82524 /* proxima-light.otf in Resources */ = {isa = PBXBuildFile; fileRef = 81F5B37FFF024F7497867F1F /* proxima-light.otf */; };
		87739B28C4924C579529383C /* proxima-regular.otf in Resources */ = {isa = PBXBuildFile; fileRef = 5283686ADE3144EDB24A1410 /* proxima-regular.otf */; };
		A5CA007DF0C04D8883BFF9D7 /* proxima-semibold.OTF in Resources */ = {isa = PBXBuildFile; fileRef = 76F1B62BAEC94F87B195691F /* proxima-semibold.OTF */; };
		5A5127185CAF49669E2FFDA1 /* PROXIMANOVA-BLACK.OTF in Resources */ = {isa = PBXBuildFile; fileRef = 64DB1B17A8BB44F59F521112 /* PROXIMANOVA-BLACK.OTF */; };
		58FA7CD67AB745AF960DA367 /* PROXIMANOVA-BOLDIT.OTF in Resources */ = {isa = PBXBuildFile; fileRef = 3B62BC837F594418A34BA771 /* PROXIMANOVA-BOLDIT.OTF */; };
		0757E945DD434E81B2D9E573 /* PROXIMANOVA-EXTRABOLD.OTF in Resources */ = {isa = PBXBuildFile; fileRef = D77A245F4BE04BECA01A85EF /* PROXIMANOVA-EXTRABOLD.OTF */; };
		BE8AF582EE504CCE9D142538 /* PROXIMANOVA-LIGHTITALIC.OTF in Resources */ = {isa = PBXBuildFile; fileRef = AC465138D3CA49AB8CF5393E /* PROXIMANOVA-LIGHTITALIC.OTF */; };
		F45E7DDB8A6947319627244D /* PROXIMANOVA-REGITALIC.OTF in Resources */ = {isa = PBXBuildFile; fileRef = 7693E0A28D994C26BAEE820E /* PROXIMANOVA-REGITALIC.OTF */; };
		C4C3FFE0C5A1417BB65C2D8E /* PROXIMANOVA-SEMIBOLD.OTF in Resources */ = {isa = PBXBuildFile; fileRef = 2A0B76D2A54F43B9BF03767C /* PROXIMANOVA-SEMIBOLD.OTF */; };
		9C12F9B66E384AC18FB8A036 /* proximanova-semibold.ttf in Resources */ = {isa = PBXBuildFile; fileRef = F5B1DFD5E9534DCDA58A20EE /* proximanova-semibold.ttf */; };
		A7B16C00BE49455AA865B3EE /* PROXIMANOVA-SEMIBOLDITALIC.OTF in Resources */ = {isa = PBXBuildFile; fileRef = 4CEFBC3672A049A381A53491 /* PROXIMANOVA-SEMIBOLDITALIC.OTF */; };
/* End PBXBuildFile section */

/* Begin PBXContainerItemProxy section */
		00E356F41AD99517003FC87E /* PBXContainerItemProxy */ = {
			isa = PBXContainerItemProxy;
			containerPortal = 83CBB9F71A601CBA00E9B192 /* Project object */;
			proxyType = 1;
			remoteGlobalIDString = 13B07F861A680F5B00A75B9A;
			remoteInfo = AlBagal;
		};
		2D02E4911E0B4A5D006451C7 /* PBXContainerItemProxy */ = {
			isa = PBXContainerItemProxy;
			containerPortal = 83CBB9F71A601CBA00E9B192 /* Project object */;
			proxyType = 1;
			remoteGlobalIDString = 2D02E47A1E0B4A5D006451C7;
			remoteInfo = "AlBagal-tvOS";
		};
/* End PBXContainerItemProxy section */

/* Begin PBXFileReference section */
		008F07F21AC5B25A0029DE68 /* main.jsbundle */ = {isa = PBXFileReference; fileEncoding = 4; lastKnownFileType = text; path = main.jsbundle; sourceTree = "<group>"; };
		00E356EE1AD99517003FC87E /* AlBagalTests.xctest */ = {isa = PBXFileReference; explicitFileType = wrapper.cfbundle; includeInIndex = 0; path = AlBagalTests.xctest; sourceTree = BUILT_PRODUCTS_DIR; };
		00E356F11AD99517003FC87E /* Info.plist */ = {isa = PBXFileReference; lastKnownFileType = text.plist.xml; path = Info.plist; sourceTree = "<group>"; };
		00E356F21AD99517003FC87E /* AlBagalTests.m */ = {isa = PBXFileReference; lastKnownFileType = sourcecode.c.objc; path = AlBagalTests.m; sourceTree = "<group>"; };
		13B07F961A680F5B00A75B9A /* AlBagal.app */ = {isa = PBXFileReference; explicitFileType = wrapper.application; includeInIndex = 0; path = AlBagal.app; sourceTree = BUILT_PRODUCTS_DIR; };
		13B07FAF1A68108700A75B9A /* AppDelegate.h */ = {isa = PBXFileReference; fileEncoding = 4; lastKnownFileType = sourcecode.c.h; name = AppDelegate.h; path = AlBagal/AppDelegate.h; sourceTree = "<group>"; };
		13B07FB01A68108700A75B9A /* AppDelegate.m */ = {isa = PBXFileReference; fileEncoding = 4; lastKnownFileType = sourcecode.c.objc; name = AppDelegate.m; path = AlBagal/AppDelegate.m; sourceTree = "<group>"; };
		13B07FB21A68108700A75B9A /* Base */ = {isa = PBXFileReference; lastKnownFileType = file.xib; name = Base; path = Base.lproj/LaunchScreen.xib; sourceTree = "<group>"; };
		13B07FB51A68108700A75B9A /* Images.xcassets */ = {isa = PBXFileReference; lastKnownFileType = folder.assetcatalog; name = Images.xcassets; path = AlBagal/Images.xcassets; sourceTree = "<group>"; };
		13B07FB61A68108700A75B9A /* Info.plist */ = {isa = PBXFileReference; fileEncoding = 4; lastKnownFileType = text.plist.xml; name = Info.plist; path = AlBagal/Info.plist; sourceTree = "<group>"; };
		13B07FB71A68108700A75B9A /* main.m */ = {isa = PBXFileReference; fileEncoding = 4; lastKnownFileType = sourcecode.c.objc; name = main.m; path = AlBagal/main.m; sourceTree = "<group>"; };
		16E7A1003AB759371F9CD3F5 /* Pods-AlBagal-tvOSTests.release.xcconfig */ = {isa = PBXFileReference; includeInIndex = 1; lastKnownFileType = text.xcconfig; name = "Pods-AlBagal-tvOSTests.release.xcconfig"; path = "Target Support Files/Pods-AlBagal-tvOSTests/Pods-AlBagal-tvOSTests.release.xcconfig"; sourceTree = "<group>"; };
		2D02E47B1E0B4A5D006451C7 /* AlBagal-tvOS.app */ = {isa = PBXFileReference; explicitFileType = wrapper.application; includeInIndex = 0; path = "AlBagal-tvOS.app"; sourceTree = BUILT_PRODUCTS_DIR; };
		2D02E4901E0B4A5D006451C7 /* AlBagal-tvOSTests.xctest */ = {isa = PBXFileReference; explicitFileType = wrapper.cfbundle; includeInIndex = 0; path = "AlBagal-tvOSTests.xctest"; sourceTree = BUILT_PRODUCTS_DIR; };
		43FA70DB51950C279AE776EC /* Pods-AlBagal.release.xcconfig */ = {isa = PBXFileReference; includeInIndex = 1; lastKnownFileType = text.xcconfig; name = "Pods-AlBagal.release.xcconfig"; path = "Target Support Files/Pods-AlBagal/Pods-AlBagal.release.xcconfig"; sourceTree = "<group>"; };
		44995F8205D151E00161F8F8 /* Pods-AlBagalTests.release.xcconfig */ = {isa = PBXFileReference; includeInIndex = 1; lastKnownFileType = text.xcconfig; name = "Pods-AlBagalTests.release.xcconfig"; path = "Target Support Files/Pods-AlBagalTests/Pods-AlBagalTests.release.xcconfig"; sourceTree = "<group>"; };
		55F46F097B3DB9925F4CB724 /* libPods-AlBagal.a */ = {isa = PBXFileReference; explicitFileType = archive.ar; includeInIndex = 0; path = "libPods-AlBagal.a"; sourceTree = BUILT_PRODUCTS_DIR; };
		6998BF74FB655018E87913B1 /* libPods-AlBagal-tvOSTests.a */ = {isa = PBXFileReference; explicitFileType = archive.ar; includeInIndex = 0; path = "libPods-AlBagal-tvOSTests.a"; sourceTree = BUILT_PRODUCTS_DIR; };
		7E968961C0BF003F258E859D /* libPods-AlBagal-tvOS.a */ = {isa = PBXFileReference; explicitFileType = archive.ar; includeInIndex = 0; path = "libPods-AlBagal-tvOS.a"; sourceTree = BUILT_PRODUCTS_DIR; };
		A6ED38C515B8E741A173172A /* Pods-AlBagal-tvOS.debug.xcconfig */ = {isa = PBXFileReference; includeInIndex = 1; lastKnownFileType = text.xcconfig; name = "Pods-AlBagal-tvOS.debug.xcconfig"; path = "Target Support Files/Pods-AlBagal-tvOS/Pods-AlBagal-tvOS.debug.xcconfig"; sourceTree = "<group>"; };
		A70C36B30E883BF8B7EFCEE7 /* Pods-AlBagalTests.debug.xcconfig */ = {isa = PBXFileReference; includeInIndex = 1; lastKnownFileType = text.xcconfig; name = "Pods-AlBagalTests.debug.xcconfig"; path = "Target Support Files/Pods-AlBagalTests/Pods-AlBagalTests.debug.xcconfig"; sourceTree = "<group>"; };
		BD246E965C9C4EDB732C8AE7 /* libPods-AlBagalTests.a */ = {isa = PBXFileReference; explicitFileType = archive.ar; includeInIndex = 0; path = "libPods-AlBagalTests.a"; sourceTree = BUILT_PRODUCTS_DIR; };
		E18F5B5E306A2AEA2CED215A /* Pods-AlBagal-tvOS.release.xcconfig */ = {isa = PBXFileReference; includeInIndex = 1; lastKnownFileType = text.xcconfig; name = "Pods-AlBagal-tvOS.release.xcconfig"; path = "Target Support Files/Pods-AlBagal-tvOS/Pods-AlBagal-tvOS.release.xcconfig"; sourceTree = "<group>"; };
		E574DEED2E8BE7E40AB40267 /* Pods-AlBagal.debug.xcconfig */ = {isa = PBXFileReference; includeInIndex = 1; lastKnownFileType = text.xcconfig; name = "Pods-AlBagal.debug.xcconfig"; path = "Target Support Files/Pods-AlBagal/Pods-AlBagal.debug.xcconfig"; sourceTree = "<group>"; };
		ED297162215061F000B7C4FE /* JavaScriptCore.framework */ = {isa = PBXFileReference; lastKnownFileType = wrapper.framework; name = JavaScriptCore.framework; path = System/Library/Frameworks/JavaScriptCore.framework; sourceTree = SDKROOT; };
		ED2971642150620600B7C4FE /* JavaScriptCore.framework */ = {isa = PBXFileReference; lastKnownFileType = wrapper.framework; name = JavaScriptCore.framework; path = Platforms/AppleTVOS.platform/Developer/SDKs/AppleTVOS12.0.sdk/System/Library/Frameworks/JavaScriptCore.framework; sourceTree = DEVELOPER_DIR; };
		EF776C70E03593C73BEF46EF /* Pods-AlBagal-tvOSTests.debug.xcconfig */ = {isa = PBXFileReference; includeInIndex = 1; lastKnownFileType = text.xcconfig; name = "Pods-AlBagal-tvOSTests.debug.xcconfig"; path = "Target Support Files/Pods-AlBagal-tvOSTests/Pods-AlBagal-tvOSTests.debug.xcconfig"; sourceTree = "<group>"; };
		C8B77EC0A08B420DAD521DB7 /* AntDesign.ttf */ = {isa = PBXFileReference; name = "AntDesign.ttf"; path = "../node_modules/react-native-vector-icons/Fonts/AntDesign.ttf"; sourceTree = "<group>"; fileEncoding = undefined; lastKnownFileType = unknown; explicitFileType = undefined; includeInIndex = 0; };
		31158DB63CD34B66A7673090 /* Entypo.ttf */ = {isa = PBXFileReference; name = "Entypo.ttf"; path = "../node_modules/react-native-vector-icons/Fonts/Entypo.ttf"; sourceTree = "<group>"; fileEncoding = undefined; lastKnownFileType = unknown; explicitFileType = undefined; includeInIndex = 0; };
		878EF1A6693D431BAF595B5F /* EvilIcons.ttf */ = {isa = PBXFileReference; name = "EvilIcons.ttf"; path = "../node_modules/react-native-vector-icons/Fonts/EvilIcons.ttf"; sourceTree = "<group>"; fileEncoding = undefined; lastKnownFileType = unknown; explicitFileType = undefined; includeInIndex = 0; };
		4BB2178BF2044EB9A89F8841 /* Feather.ttf */ = {isa = PBXFileReference; name = "Feather.ttf"; path = "../node_modules/react-native-vector-icons/Fonts/Feather.ttf"; sourceTree = "<group>"; fileEncoding = undefined; lastKnownFileType = unknown; explicitFileType = undefined; includeInIndex = 0; };
		FB99327878A64BC891392E39 /* FontAwesome.ttf */ = {isa = PBXFileReference; name = "FontAwesome.ttf"; path = "../node_modules/react-native-vector-icons/Fonts/FontAwesome.ttf"; sourceTree = "<group>"; fileEncoding = undefined; lastKnownFileType = unknown; explicitFileType = undefined; includeInIndex = 0; };
		3C55E032759C42918DB79C26 /* FontAwesome5_Brands.ttf */ = {isa = PBXFileReference; name = "FontAwesome5_Brands.ttf"; path = "../node_modules/react-native-vector-icons/Fonts/FontAwesome5_Brands.ttf"; sourceTree = "<group>"; fileEncoding = undefined; lastKnownFileType = unknown; explicitFileType = undefined; includeInIndex = 0; };
		FD468EB36A1647C58CEF852E /* FontAwesome5_Regular.ttf */ = {isa = PBXFileReference; name = "FontAwesome5_Regular.ttf"; path = "../node_modules/react-native-vector-icons/Fonts/FontAwesome5_Regular.ttf"; sourceTree = "<group>"; fileEncoding = undefined; lastKnownFileType = unknown; explicitFileType = undefined; includeInIndex = 0; };
		E8B98C4FEEAC4CE5B26481EF /* FontAwesome5_Solid.ttf */ = {isa = PBXFileReference; name = "FontAwesome5_Solid.ttf"; path = "../node_modules/react-native-vector-icons/Fonts/FontAwesome5_Solid.ttf"; sourceTree = "<group>"; fileEncoding = undefined; lastKnownFileType = unknown; explicitFileType = undefined; includeInIndex = 0; };
		F287055066E8432EB12463B6 /* Fontisto.ttf */ = {isa = PBXFileReference; name = "Fontisto.ttf"; path = "../node_modules/react-native-vector-icons/Fonts/Fontisto.ttf"; sourceTree = "<group>"; fileEncoding = undefined; lastKnownFileType = unknown; explicitFileType = undefined; includeInIndex = 0; };
		D085400BE45C4EBBB0B2BF71 /* Foundation.ttf */ = {isa = PBXFileReference; name = "Foundation.ttf"; path = "../node_modules/react-native-vector-icons/Fonts/Foundation.ttf"; sourceTree = "<group>"; fileEncoding = undefined; lastKnownFileType = unknown; explicitFileType = undefined; includeInIndex = 0; };
		B38335EBB0B542A4A61FC82D /* Ionicons.ttf */ = {isa = PBXFileReference; name = "Ionicons.ttf"; path = "../node_modules/react-native-vector-icons/Fonts/Ionicons.ttf"; sourceTree = "<group>"; fileEncoding = undefined; lastKnownFileType = unknown; explicitFileType = undefined; includeInIndex = 0; };
		73912E9222884F69AFB9F44F /* MaterialCommunityIcons.ttf */ = {isa = PBXFileReference; name = "MaterialCommunityIcons.ttf"; path = "../node_modules/react-native-vector-icons/Fonts/MaterialCommunityIcons.ttf"; sourceTree = "<group>"; fileEncoding = undefined; lastKnownFileType = unknown; explicitFileType = undefined; includeInIndex = 0; };
		40D29A605524433CB3117D0F /* MaterialIcons.ttf */ = {isa = PBXFileReference; name = "MaterialIcons.ttf"; path = "../node_modules/react-native-vector-icons/Fonts/MaterialIcons.ttf"; sourceTree = "<group>"; fileEncoding = undefined; lastKnownFileType = unknown; explicitFileType = undefined; includeInIndex = 0; };
		D3E51C1D76D244FD87E25B70 /* Octicons.ttf */ = {isa = PBXFileReference; name = "Octicons.ttf"; path = "../node_modules/react-native-vector-icons/Fonts/Octicons.ttf"; sourceTree = "<group>"; fileEncoding = undefined; lastKnownFileType = unknown; explicitFileType = undefined; includeInIndex = 0; };
		7B144F73BD014708B1317905 /* SimpleLineIcons.ttf */ = {isa = PBXFileReference; name = "SimpleLineIcons.ttf"; path = "../node_modules/react-native-vector-icons/Fonts/SimpleLineIcons.ttf"; sourceTree = "<group>"; fileEncoding = undefined; lastKnownFileType = unknown; explicitFileType = undefined; includeInIndex = 0; };
		5CB396A8684C4FFCA962E232 /* Zocial.ttf */ = {isa = PBXFileReference; name = "Zocial.ttf"; path = "../node_modules/react-native-vector-icons/Fonts/Zocial.ttf"; sourceTree = "<group>"; fileEncoding = undefined; lastKnownFileType = unknown; explicitFileType = undefined; includeInIndex = 0; };
		3B10F1E5A7FB43AD84CBAF95 /* proxima-bold.otf */ = {isa = PBXFileReference; name = "proxima-bold.otf"; path = "../assets/fonts/proxima-bold.otf"; sourceTree = "<group>"; fileEncoding = undefined; lastKnownFileType = unknown; explicitFileType = undefined; includeInIndex = 0; };
		81F5B37FFF024F7497867F1F /* proxima-light.otf */ = {isa = PBXFileReference; name = "proxima-light.otf"; path = "../assets/fonts/proxima-light.otf"; sourceTree = "<group>"; fileEncoding = undefined; lastKnownFileType = unknown; explicitFileType = undefined; includeInIndex = 0; };
		5283686ADE3144EDB24A1410 /* proxima-regular.otf */ = {isa = PBXFileReference; name = "proxima-regular.otf"; path = "../assets/fonts/proxima-regular.otf"; sourceTree = "<group>"; fileEncoding = undefined; lastKnownFileType = unknown; explicitFileType = undefined; includeInIndex = 0; };
		76F1B62BAEC94F87B195691F /* proxima-semibold.OTF */ = {isa = PBXFileReference; name = "proxima-semibold.OTF"; path = "../assets/fonts/proxima-semibold.OTF"; sourceTree = "<group>"; fileEncoding = undefined; lastKnownFileType = unknown; explicitFileType = undefined; includeInIndex = 0; };
		64DB1B17A8BB44F59F521112 /* PROXIMANOVA-BLACK.OTF */ = {isa = PBXFileReference; name = "PROXIMANOVA-BLACK.OTF"; path = "../assets/fonts/PROXIMANOVA-BLACK.OTF"; sourceTree = "<group>"; fileEncoding = undefined; lastKnownFileType = unknown; explicitFileType = undefined; includeInIndex = 0; };
		3B62BC837F594418A34BA771 /* PROXIMANOVA-BOLDIT.OTF */ = {isa = PBXFileReference; name = "PROXIMANOVA-BOLDIT.OTF"; path = "../assets/fonts/PROXIMANOVA-BOLDIT.OTF"; sourceTree = "<group>"; fileEncoding = undefined; lastKnownFileType = unknown; explicitFileType = undefined; includeInIndex = 0; };
		D77A245F4BE04BECA01A85EF /* PROXIMANOVA-EXTRABOLD.OTF */ = {isa = PBXFileReference; name = "PROXIMANOVA-EXTRABOLD.OTF"; path = "../assets/fonts/PROXIMANOVA-EXTRABOLD.OTF"; sourceTree = "<group>"; fileEncoding = undefined; lastKnownFileType = unknown; explicitFileType = undefined; includeInIndex = 0; };
		AC465138D3CA49AB8CF5393E /* PROXIMANOVA-LIGHTITALIC.OTF */ = {isa = PBXFileReference; name = "PROXIMANOVA-LIGHTITALIC.OTF"; path = "../assets/fonts/PROXIMANOVA-LIGHTITALIC.OTF"; sourceTree = "<group>"; fileEncoding = undefined; lastKnownFileType = unknown; explicitFileType = undefined; includeInIndex = 0; };
		7693E0A28D994C26BAEE820E /* PROXIMANOVA-REGITALIC.OTF */ = {isa = PBXFileReference; name = "PROXIMANOVA-REGITALIC.OTF"; path = "../assets/fonts/PROXIMANOVA-REGITALIC.OTF"; sourceTree = "<group>"; fileEncoding = undefined; lastKnownFileType = unknown; explicitFileType = undefined; includeInIndex = 0; };
		2A0B76D2A54F43B9BF03767C /* PROXIMANOVA-SEMIBOLD.OTF */ = {isa = PBXFileReference; name = "PROXIMANOVA-SEMIBOLD.OTF"; path = "../assets/fonts/PROXIMANOVA-SEMIBOLD.OTF"; sourceTree = "<group>"; fileEncoding = undefined; lastKnownFileType = unknown; explicitFileType = undefined; includeInIndex = 0; };
		F5B1DFD5E9534DCDA58A20EE /* proximanova-semibold.ttf */ = {isa = PBXFileReference; name = "proximanova-semibold.ttf"; path = "../assets/fonts/proximanova-semibold.ttf"; sourceTree = "<group>"; fileEncoding = undefined; lastKnownFileType = unknown; explicitFileType = undefined; includeInIndex = 0; };
		4CEFBC3672A049A381A53491 /* PROXIMANOVA-SEMIBOLDITALIC.OTF */ = {isa = PBXFileReference; name = "PROXIMANOVA-SEMIBOLDITALIC.OTF"; path = "../assets/fonts/PROXIMANOVA-SEMIBOLDITALIC.OTF"; sourceTree = "<group>"; fileEncoding = undefined; lastKnownFileType = unknown; explicitFileType = undefined; includeInIndex = 0; };
/* End PBXFileReference section */

/* Begin PBXFrameworksBuildPhase section */
		00E356EB1AD99517003FC87E /* Frameworks */ = {
			isa = PBXFrameworksBuildPhase;
			buildActionMask = 2147483647;
			files = (
				8079826C5123D59AFD909653 /* libPods-AlBagalTests.a in Frameworks */,
			);
			runOnlyForDeploymentPostprocessing = 0;
		};
		13B07F8C1A680F5B00A75B9A /* Frameworks */ = {
			isa = PBXFrameworksBuildPhase;
			buildActionMask = 2147483647;
			files = (
				B32313F9B5C369E890065DED /* libPods-AlBagal.a in Frameworks */,
			);
			runOnlyForDeploymentPostprocessing = 0;
		};
		2D02E4781E0B4A5D006451C7 /* Frameworks */ = {
			isa = PBXFrameworksBuildPhase;
			buildActionMask = 2147483647;
			files = (
				E41DCD31C6BB140FA6191C1C /* libPods-AlBagal-tvOS.a in Frameworks */,
			);
			runOnlyForDeploymentPostprocessing = 0;
		};
		2D02E48D1E0B4A5D006451C7 /* Frameworks */ = {
			isa = PBXFrameworksBuildPhase;
			buildActionMask = 2147483647;
			files = (
				AA2FF6964995C14A2CE68368 /* libPods-AlBagal-tvOSTests.a in Frameworks */,
			);
			runOnlyForDeploymentPostprocessing = 0;
		};
/* End PBXFrameworksBuildPhase section */

/* Begin PBXGroup section */
		00E356EF1AD99517003FC87E /* AlBagalTests */ = {
			isa = PBXGroup;
			children = (
				00E356F21AD99517003FC87E /* AlBagalTests.m */,
				00E356F01AD99517003FC87E /* Supporting Files */,
			);
			path = AlBagalTests;
			sourceTree = "<group>";
		};
		00E356F01AD99517003FC87E /* Supporting Files */ = {
			isa = PBXGroup;
			children = (
				00E356F11AD99517003FC87E /* Info.plist */,
			);
			name = "Supporting Files";
			sourceTree = "<group>";
		};
		13B07FAE1A68108700A75B9A /* AlBagal */ = {
			isa = PBXGroup;
			children = (
				008F07F21AC5B25A0029DE68 /* main.jsbundle */,
				13B07FAF1A68108700A75B9A /* AppDelegate.h */,
				13B07FB01A68108700A75B9A /* AppDelegate.m */,
				13B07FB51A68108700A75B9A /* Images.xcassets */,
				13B07FB61A68108700A75B9A /* Info.plist */,
				13B07FB11A68108700A75B9A /* LaunchScreen.xib */,
				13B07FB71A68108700A75B9A /* main.m */,
			);
			name = AlBagal;
			sourceTree = "<group>";
		};
		2D16E6871FA4F8E400B85C8A /* Frameworks */ = {
			isa = PBXGroup;
			children = (
				ED297162215061F000B7C4FE /* JavaScriptCore.framework */,
				ED2971642150620600B7C4FE /* JavaScriptCore.framework */,
				55F46F097B3DB9925F4CB724 /* libPods-AlBagal.a */,
				7E968961C0BF003F258E859D /* libPods-AlBagal-tvOS.a */,
				6998BF74FB655018E87913B1 /* libPods-AlBagal-tvOSTests.a */,
				BD246E965C9C4EDB732C8AE7 /* libPods-AlBagalTests.a */,
			);
			name = Frameworks;
			sourceTree = "<group>";
		};
		832341AE1AAA6A7D00B99B32 /* Libraries */ = {
			isa = PBXGroup;
			children = (
			);
			name = Libraries;
			sourceTree = "<group>";
		};
		83CBB9F61A601CBA00E9B192 = {
			isa = PBXGroup;
			children = (
				13B07FAE1A68108700A75B9A /* AlBagal */,
				832341AE1AAA6A7D00B99B32 /* Libraries */,
				00E356EF1AD99517003FC87E /* AlBagalTests */,
				83CBBA001A601CBA00E9B192 /* Products */,
				2D16E6871FA4F8E400B85C8A /* Frameworks */,
				841E582DAAE2502B22BE1A7E /* Pods */,
				98C4EF7470EB4FBFA2F6BACA /* Resources */,
			);
			indentWidth = 2;
			sourceTree = "<group>";
			tabWidth = 2;
			usesTabs = 0;
		};
		83CBBA001A601CBA00E9B192 /* Products */ = {
			isa = PBXGroup;
			children = (
				13B07F961A680F5B00A75B9A /* AlBagal.app */,
				00E356EE1AD99517003FC87E /* AlBagalTests.xctest */,
				2D02E47B1E0B4A5D006451C7 /* AlBagal-tvOS.app */,
				2D02E4901E0B4A5D006451C7 /* AlBagal-tvOSTests.xctest */,
			);
			name = Products;
			sourceTree = "<group>";
		};
		841E582DAAE2502B22BE1A7E /* Pods */ = {
			isa = PBXGroup;
			children = (
				E574DEED2E8BE7E40AB40267 /* Pods-AlBagal.debug.xcconfig */,
				43FA70DB51950C279AE776EC /* Pods-AlBagal.release.xcconfig */,
				A6ED38C515B8E741A173172A /* Pods-AlBagal-tvOS.debug.xcconfig */,
				E18F5B5E306A2AEA2CED215A /* Pods-AlBagal-tvOS.release.xcconfig */,
				EF776C70E03593C73BEF46EF /* Pods-AlBagal-tvOSTests.debug.xcconfig */,
				16E7A1003AB759371F9CD3F5 /* Pods-AlBagal-tvOSTests.release.xcconfig */,
				A70C36B30E883BF8B7EFCEE7 /* Pods-AlBagalTests.debug.xcconfig */,
				44995F8205D151E00161F8F8 /* Pods-AlBagalTests.release.xcconfig */,
			);
			name = Pods;
			path = Pods;
			sourceTree = "<group>";
		};
		98C4EF7470EB4FBFA2F6BACA /* Resources */ = {
			isa = "PBXGroup";
			children = (
				C8B77EC0A08B420DAD521DB7 /* AntDesign.ttf */,
				31158DB63CD34B66A7673090 /* Entypo.ttf */,
				878EF1A6693D431BAF595B5F /* EvilIcons.ttf */,
				4BB2178BF2044EB9A89F8841 /* Feather.ttf */,
				FB99327878A64BC891392E39 /* FontAwesome.ttf */,
				3C55E032759C42918DB79C26 /* FontAwesome5_Brands.ttf */,
				FD468EB36A1647C58CEF852E /* FontAwesome5_Regular.ttf */,
				E8B98C4FEEAC4CE5B26481EF /* FontAwesome5_Solid.ttf */,
				F287055066E8432EB12463B6 /* Fontisto.ttf */,
				D085400BE45C4EBBB0B2BF71 /* Foundation.ttf */,
				B38335EBB0B542A4A61FC82D /* Ionicons.ttf */,
				73912E9222884F69AFB9F44F /* MaterialCommunityIcons.ttf */,
				40D29A605524433CB3117D0F /* MaterialIcons.ttf */,
				D3E51C1D76D244FD87E25B70 /* Octicons.ttf */,
				7B144F73BD014708B1317905 /* SimpleLineIcons.ttf */,
				5CB396A8684C4FFCA962E232 /* Zocial.ttf */,
				3B10F1E5A7FB43AD84CBAF95 /* proxima-bold.otf */,
				81F5B37FFF024F7497867F1F /* proxima-light.otf */,
				5283686ADE3144EDB24A1410 /* proxima-regular.otf */,
				76F1B62BAEC94F87B195691F /* proxima-semibold.OTF */,
				64DB1B17A8BB44F59F521112 /* PROXIMANOVA-BLACK.OTF */,
				3B62BC837F594418A34BA771 /* PROXIMANOVA-BOLDIT.OTF */,
				D77A245F4BE04BECA01A85EF /* PROXIMANOVA-EXTRABOLD.OTF */,
				AC465138D3CA49AB8CF5393E /* PROXIMANOVA-LIGHTITALIC.OTF */,
				7693E0A28D994C26BAEE820E /* PROXIMANOVA-REGITALIC.OTF */,
				2A0B76D2A54F43B9BF03767C /* PROXIMANOVA-SEMIBOLD.OTF */,
				F5B1DFD5E9534DCDA58A20EE /* proximanova-semibold.ttf */,
				4CEFBC3672A049A381A53491 /* PROXIMANOVA-SEMIBOLDITALIC.OTF */,
			);
			name = Resources;
			sourceTree = "<group>";
			path = "";
		};
/* End PBXGroup section */

/* Begin PBXNativeTarget section */
		00E356ED1AD99517003FC87E /* AlBagalTests */ = {
			isa = PBXNativeTarget;
			buildConfigurationList = 00E357021AD99517003FC87E /* Build configuration list for PBXNativeTarget "AlBagalTests" */;
			buildPhases = (
				59CB09B8CC09232A59178132 /* [CP] Check Pods Manifest.lock */,
				00E356EA1AD99517003FC87E /* Sources */,
				00E356EB1AD99517003FC87E /* Frameworks */,
				00E356EC1AD99517003FC87E /* Resources */,
			);
			buildRules = (
			);
			dependencies = (
				00E356F51AD99517003FC87E /* PBXTargetDependency */,
			);
			name = AlBagalTests;
			productName = AlBagalTests;
			productReference = 00E356EE1AD99517003FC87E /* AlBagalTests.xctest */;
			productType = "com.apple.product-type.bundle.unit-test";
		};
		13B07F861A680F5B00A75B9A /* AlBagal */ = {
			isa = PBXNativeTarget;
			buildConfigurationList = 13B07F931A680F5B00A75B9A /* Build configuration list for PBXNativeTarget "AlBagal" */;
			buildPhases = (
				085891A45ADC826D53E995AE /* [CP] Check Pods Manifest.lock */,
				FD10A7F022414F080027D42C /* Start Packager */,
				13B07F871A680F5B00A75B9A /* Sources */,
				13B07F8C1A680F5B00A75B9A /* Frameworks */,
				13B07F8E1A680F5B00A75B9A /* Resources */,
				00DD1BFF1BD5951E006B06BC /* Bundle React Native code and images */,
			);
			buildRules = (
			);
			dependencies = (
			);
			name = AlBagal;
			productName = AlBagal;
			productReference = 13B07F961A680F5B00A75B9A /* AlBagal.app */;
			productType = "com.apple.product-type.application";
		};
		2D02E47A1E0B4A5D006451C7 /* AlBagal-tvOS */ = {
			isa = PBXNativeTarget;
			buildConfigurationList = 2D02E4BA1E0B4A5E006451C7 /* Build configuration list for PBXNativeTarget "AlBagal-tvOS" */;
			buildPhases = (
				9F114BA1F29E7E956D658B31 /* [CP] Check Pods Manifest.lock */,
				FD10A7F122414F3F0027D42C /* Start Packager */,
				2D02E4771E0B4A5D006451C7 /* Sources */,
				2D02E4781E0B4A5D006451C7 /* Frameworks */,
				2D02E4791E0B4A5D006451C7 /* Resources */,
				2D02E4CB1E0B4B27006451C7 /* Bundle React Native Code And Images */,
			);
			buildRules = (
			);
			dependencies = (
			);
			name = "AlBagal-tvOS";
			productName = "AlBagal-tvOS";
			productReference = 2D02E47B1E0B4A5D006451C7 /* AlBagal-tvOS.app */;
			productType = "com.apple.product-type.application";
		};
		2D02E48F1E0B4A5D006451C7 /* AlBagal-tvOSTests */ = {
			isa = PBXNativeTarget;
			buildConfigurationList = 2D02E4BB1E0B4A5E006451C7 /* Build configuration list for PBXNativeTarget "AlBagal-tvOSTests" */;
			buildPhases = (
				DD4BC2646FEFCE1F076A51E6 /* [CP] Check Pods Manifest.lock */,
				2D02E48C1E0B4A5D006451C7 /* Sources */,
				2D02E48D1E0B4A5D006451C7 /* Frameworks */,
				2D02E48E1E0B4A5D006451C7 /* Resources */,
			);
			buildRules = (
			);
			dependencies = (
				2D02E4921E0B4A5D006451C7 /* PBXTargetDependency */,
			);
			name = "AlBagal-tvOSTests";
			productName = "AlBagal-tvOSTests";
			productReference = 2D02E4901E0B4A5D006451C7 /* AlBagal-tvOSTests.xctest */;
			productType = "com.apple.product-type.bundle.unit-test";
		};
/* End PBXNativeTarget section */

/* Begin PBXProject section */
		83CBB9F71A601CBA00E9B192 /* Project object */ = {
			isa = PBXProject;
			attributes = {
				LastUpgradeCheck = 940;
				ORGANIZATIONNAME = Facebook;
				TargetAttributes = {
					00E356ED1AD99517003FC87E = {
						CreatedOnToolsVersion = 6.2;
						TestTargetID = 13B07F861A680F5B00A75B9A;
					};
					2D02E47A1E0B4A5D006451C7 = {
						CreatedOnToolsVersion = 8.2.1;
						ProvisioningStyle = Automatic;
					};
					2D02E48F1E0B4A5D006451C7 = {
						CreatedOnToolsVersion = 8.2.1;
						ProvisioningStyle = Automatic;
						TestTargetID = 2D02E47A1E0B4A5D006451C7;
					};
				};
			};
			buildConfigurationList = 83CBB9FA1A601CBA00E9B192 /* Build configuration list for PBXProject "AlBagal" */;
			compatibilityVersion = "Xcode 3.2";
			developmentRegion = English;
			hasScannedForEncodings = 0;
			knownRegions = (
				en,
				Base,
			);
			mainGroup = 83CBB9F61A601CBA00E9B192;
			productRefGroup = 83CBBA001A601CBA00E9B192 /* Products */;
			projectDirPath = "";
			projectRoot = "";
			targets = (
				13B07F861A680F5B00A75B9A /* AlBagal */,
				00E356ED1AD99517003FC87E /* AlBagalTests */,
				2D02E47A1E0B4A5D006451C7 /* AlBagal-tvOS */,
				2D02E48F1E0B4A5D006451C7 /* AlBagal-tvOSTests */,
			);
		};
/* End PBXProject section */

/* Begin PBXResourcesBuildPhase section */
		00E356EC1AD99517003FC87E /* Resources */ = {
			isa = PBXResourcesBuildPhase;
			buildActionMask = 2147483647;
			files = (
			);
			runOnlyForDeploymentPostprocessing = 0;
		};
		13B07F8E1A680F5B00A75B9A /* Resources */ = {
			isa = PBXResourcesBuildPhase;
			buildActionMask = 2147483647;
			files = (
				13B07FBF1A68108700A75B9A /* Images.xcassets in Resources */,
				13B07FBD1A68108700A75B9A /* LaunchScreen.xib in Resources */,
				8680B62CF16A49BD8D472065 /* AntDesign.ttf in Resources */,
				9426FBD1D9A0465BBD450A2E /* Entypo.ttf in Resources */,
				35C63DA95FE546D9A77B6B8E /* EvilIcons.ttf in Resources */,
				524096F862164C00BA701ACF /* Feather.ttf in Resources */,
				06039540B25E4D24AAA0A765 /* FontAwesome.ttf in Resources */,
				0861809897BB4CBF8655EBCF /* FontAwesome5_Brands.ttf in Resources */,
				E10F4D1370A34D35B0A861D8 /* FontAwesome5_Regular.ttf in Resources */,
				E3363B7AF6DB462FB7A8C6CD /* FontAwesome5_Solid.ttf in Resources */,
				F82E0F32AE5C4B288BBFEAF4 /* Fontisto.ttf in Resources */,
				BCAA7D2BA0B34374889E122C /* Foundation.ttf in Resources */,
				F0D7FF17AE454C75882E0FD2 /* Ionicons.ttf in Resources */,
				E4FAAF4CB2A346829CCA1A8A /* MaterialCommunityIcons.ttf in Resources */,
				7D1CCBDFBF544C37A8EA6A6E /* MaterialIcons.ttf in Resources */,
				05998651C9304DA49EE7B9EB /* Octicons.ttf in Resources */,
				93D9BC8E232C49DCB04C345E /* SimpleLineIcons.ttf in Resources */,
				D0E8367035D44CDD9D8DB3E8 /* Zocial.ttf in Resources */,
				959C776AFCE74ABBA4127756 /* proxima-bold.otf in Resources */,
				15A06B7F1D05495081F82524 /* proxima-light.otf in Resources */,
				87739B28C4924C579529383C /* proxima-regular.otf in Resources */,
				A5CA007DF0C04D8883BFF9D7 /* proxima-semibold.OTF in Resources */,
				5A5127185CAF49669E2FFDA1 /* PROXIMANOVA-BLACK.OTF in Resources */,
				58FA7CD67AB745AF960DA367 /* PROXIMANOVA-BOLDIT.OTF in Resources */,
				0757E945DD434E81B2D9E573 /* PROXIMANOVA-EXTRABOLD.OTF in Resources */,
				BE8AF582EE504CCE9D142538 /* PROXIMANOVA-LIGHTITALIC.OTF in Resources */,
				F45E7DDB8A6947319627244D /* PROXIMANOVA-REGITALIC.OTF in Resources */,
				C4C3FFE0C5A1417BB65C2D8E /* PROXIMANOVA-SEMIBOLD.OTF in Resources */,
				9C12F9B66E384AC18FB8A036 /* proximanova-semibold.ttf in Resources */,
				A7B16C00BE49455AA865B3EE /* PROXIMANOVA-SEMIBOLDITALIC.OTF in Resources */,
			);
			runOnlyForDeploymentPostprocessing = 0;
		};
		2D02E4791E0B4A5D006451C7 /* Resources */ = {
			isa = PBXResourcesBuildPhase;
			buildActionMask = 2147483647;
			files = (
				2D02E4BD1E0B4A84006451C7 /* Images.xcassets in Resources */,
			);
			runOnlyForDeploymentPostprocessing = 0;
		};
		2D02E48E1E0B4A5D006451C7 /* Resources */ = {
			isa = PBXResourcesBuildPhase;
			buildActionMask = 2147483647;
			files = (
			);
			runOnlyForDeploymentPostprocessing = 0;
		};
/* End PBXResourcesBuildPhase section */

/* Begin PBXShellScriptBuildPhase section */
		00DD1BFF1BD5951E006B06BC /* Bundle React Native code and images */ = {
			isa = PBXShellScriptBuildPhase;
			buildActionMask = 2147483647;
			files = (
			);
			inputPaths = (
			);
			name = "Bundle React Native code and images";
			outputPaths = (
			);
			runOnlyForDeploymentPostprocessing = 0;
			shellPath = /bin/sh;
			shellScript = "export NODE_BINARY=node\n../node_modules/react-native/scripts/react-native-xcode.sh";
		};
		085891A45ADC826D53E995AE /* [CP] Check Pods Manifest.lock */ = {
			isa = PBXShellScriptBuildPhase;
			buildActionMask = 2147483647;
			files = (
			);
			inputFileListPaths = (
			);
			inputPaths = (
				"${PODS_PODFILE_DIR_PATH}/Podfile.lock",
				"${PODS_ROOT}/Manifest.lock",
			);
			name = "[CP] Check Pods Manifest.lock";
			outputFileListPaths = (
			);
			outputPaths = (
				"$(DERIVED_FILE_DIR)/Pods-AlBagal-checkManifestLockResult.txt",
			);
			runOnlyForDeploymentPostprocessing = 0;
			shellPath = /bin/sh;
			shellScript = "diff \"${PODS_PODFILE_DIR_PATH}/Podfile.lock\" \"${PODS_ROOT}/Manifest.lock\" > /dev/null\nif [ $? != 0 ] ; then\n    # print error to STDERR\n    echo \"error: The sandbox is not in sync with the Podfile.lock. Run 'pod install' or update your CocoaPods installation.\" >&2\n    exit 1\nfi\n# This output is used by Xcode 'outputs' to avoid re-running this script phase.\necho \"SUCCESS\" > \"${SCRIPT_OUTPUT_FILE_0}\"\n";
			showEnvVarsInLog = 0;
		};
		2D02E4CB1E0B4B27006451C7 /* Bundle React Native Code And Images */ = {
			isa = PBXShellScriptBuildPhase;
			buildActionMask = 2147483647;
			files = (
			);
			inputPaths = (
			);
			name = "Bundle React Native Code And Images";
			outputPaths = (
			);
			runOnlyForDeploymentPostprocessing = 0;
			shellPath = /bin/sh;
			shellScript = "export NODE_BINARY=node\n../node_modules/react-native/scripts/react-native-xcode.sh";
		};
		59CB09B8CC09232A59178132 /* [CP] Check Pods Manifest.lock */ = {
			isa = PBXShellScriptBuildPhase;
			buildActionMask = 2147483647;
			files = (
			);
			inputFileListPaths = (
			);
			inputPaths = (
				"${PODS_PODFILE_DIR_PATH}/Podfile.lock",
				"${PODS_ROOT}/Manifest.lock",
			);
			name = "[CP] Check Pods Manifest.lock";
			outputFileListPaths = (
			);
			outputPaths = (
				"$(DERIVED_FILE_DIR)/Pods-AlBagalTests-checkManifestLockResult.txt",
			);
			runOnlyForDeploymentPostprocessing = 0;
			shellPath = /bin/sh;
			shellScript = "diff \"${PODS_PODFILE_DIR_PATH}/Podfile.lock\" \"${PODS_ROOT}/Manifest.lock\" > /dev/null\nif [ $? != 0 ] ; then\n    # print error to STDERR\n    echo \"error: The sandbox is not in sync with the Podfile.lock. Run 'pod install' or update your CocoaPods installation.\" >&2\n    exit 1\nfi\n# This output is used by Xcode 'outputs' to avoid re-running this script phase.\necho \"SUCCESS\" > \"${SCRIPT_OUTPUT_FILE_0}\"\n";
			showEnvVarsInLog = 0;
		};
		9F114BA1F29E7E956D658B31 /* [CP] Check Pods Manifest.lock */ = {
			isa = PBXShellScriptBuildPhase;
			buildActionMask = 2147483647;
			files = (
			);
			inputFileListPaths = (
			);
			inputPaths = (
				"${PODS_PODFILE_DIR_PATH}/Podfile.lock",
				"${PODS_ROOT}/Manifest.lock",
			);
			name = "[CP] Check Pods Manifest.lock";
			outputFileListPaths = (
			);
			outputPaths = (
				"$(DERIVED_FILE_DIR)/Pods-AlBagal-tvOS-checkManifestLockResult.txt",
			);
			runOnlyForDeploymentPostprocessing = 0;
			shellPath = /bin/sh;
			shellScript = "diff \"${PODS_PODFILE_DIR_PATH}/Podfile.lock\" \"${PODS_ROOT}/Manifest.lock\" > /dev/null\nif [ $? != 0 ] ; then\n    # print error to STDERR\n    echo \"error: The sandbox is not in sync with the Podfile.lock. Run 'pod install' or update your CocoaPods installation.\" >&2\n    exit 1\nfi\n# This output is used by Xcode 'outputs' to avoid re-running this script phase.\necho \"SUCCESS\" > \"${SCRIPT_OUTPUT_FILE_0}\"\n";
			showEnvVarsInLog = 0;
		};
		DD4BC2646FEFCE1F076A51E6 /* [CP] Check Pods Manifest.lock */ = {
			isa = PBXShellScriptBuildPhase;
			buildActionMask = 2147483647;
			files = (
			);
			inputFileListPaths = (
			);
			inputPaths = (
				"${PODS_PODFILE_DIR_PATH}/Podfile.lock",
				"${PODS_ROOT}/Manifest.lock",
			);
			name = "[CP] Check Pods Manifest.lock";
			outputFileListPaths = (
			);
			outputPaths = (
				"$(DERIVED_FILE_DIR)/Pods-AlBagal-tvOSTests-checkManifestLockResult.txt",
			);
			runOnlyForDeploymentPostprocessing = 0;
			shellPath = /bin/sh;
			shellScript = "diff \"${PODS_PODFILE_DIR_PATH}/Podfile.lock\" \"${PODS_ROOT}/Manifest.lock\" > /dev/null\nif [ $? != 0 ] ; then\n    # print error to STDERR\n    echo \"error: The sandbox is not in sync with the Podfile.lock. Run 'pod install' or update your CocoaPods installation.\" >&2\n    exit 1\nfi\n# This output is used by Xcode 'outputs' to avoid re-running this script phase.\necho \"SUCCESS\" > \"${SCRIPT_OUTPUT_FILE_0}\"\n";
			showEnvVarsInLog = 0;
		};
		FD10A7F022414F080027D42C /* Start Packager */ = {
			isa = PBXShellScriptBuildPhase;
			buildActionMask = 2147483647;
			files = (
			);
			inputFileListPaths = (
			);
			inputPaths = (
			);
			name = "Start Packager";
			outputFileListPaths = (
			);
			outputPaths = (
			);
			runOnlyForDeploymentPostprocessing = 0;
			shellPath = /bin/sh;
			shellScript = "export RCT_METRO_PORT=\"${RCT_METRO_PORT:=8081}\"\necho \"export RCT_METRO_PORT=${RCT_METRO_PORT}\" > \"${SRCROOT}/../node_modules/react-native/scripts/.packager.env\"\nif [ -z \"${RCT_NO_LAUNCH_PACKAGER+xxx}\" ] ; then\n  if nc -w 5 -z localhost ${RCT_METRO_PORT} ; then\n    if ! curl -s \"http://localhost:${RCT_METRO_PORT}/status\" | grep -q \"packager-status:running\" ; then\n      echo \"Port ${RCT_METRO_PORT} already in use, packager is either not running or not running correctly\"\n      exit 2\n    fi\n  else\n    open \"$SRCROOT/../node_modules/react-native/scripts/launchPackager.command\" || echo \"Can't start packager automatically\"\n  fi\nfi\n";
			showEnvVarsInLog = 0;
		};
		FD10A7F122414F3F0027D42C /* Start Packager */ = {
			isa = PBXShellScriptBuildPhase;
			buildActionMask = 2147483647;
			files = (
			);
			inputFileListPaths = (
			);
			inputPaths = (
			);
			name = "Start Packager";
			outputFileListPaths = (
			);
			outputPaths = (
			);
			runOnlyForDeploymentPostprocessing = 0;
			shellPath = /bin/sh;
			shellScript = "export RCT_METRO_PORT=\"${RCT_METRO_PORT:=8081}\"\necho \"export RCT_METRO_PORT=${RCT_METRO_PORT}\" > \"${SRCROOT}/../node_modules/react-native/scripts/.packager.env\"\nif [ -z \"${RCT_NO_LAUNCH_PACKAGER+xxx}\" ] ; then\n  if nc -w 5 -z localhost ${RCT_METRO_PORT} ; then\n    if ! curl -s \"http://localhost:${RCT_METRO_PORT}/status\" | grep -q \"packager-status:running\" ; then\n      echo \"Port ${RCT_METRO_PORT} already in use, packager is either not running or not running correctly\"\n      exit 2\n    fi\n  else\n    open \"$SRCROOT/../node_modules/react-native/scripts/launchPackager.command\" || echo \"Can't start packager automatically\"\n  fi\nfi\n";
			showEnvVarsInLog = 0;
		};
/* End PBXShellScriptBuildPhase section */

/* Begin PBXSourcesBuildPhase section */
		00E356EA1AD99517003FC87E /* Sources */ = {
			isa = PBXSourcesBuildPhase;
			buildActionMask = 2147483647;
			files = (
				00E356F31AD99517003FC87E /* AlBagalTests.m in Sources */,
			);
			runOnlyForDeploymentPostprocessing = 0;
		};
		13B07F871A680F5B00A75B9A /* Sources */ = {
			isa = PBXSourcesBuildPhase;
			buildActionMask = 2147483647;
			files = (
				13B07FBC1A68108700A75B9A /* AppDelegate.m in Sources */,
				13B07FC11A68108700A75B9A /* main.m in Sources */,
			);
			runOnlyForDeploymentPostprocessing = 0;
		};
		2D02E4771E0B4A5D006451C7 /* Sources */ = {
			isa = PBXSourcesBuildPhase;
			buildActionMask = 2147483647;
			files = (
				2D02E4BF1E0B4AB3006451C7 /* main.m in Sources */,
				2D02E4BC1E0B4A80006451C7 /* AppDelegate.m in Sources */,
			);
			runOnlyForDeploymentPostprocessing = 0;
		};
		2D02E48C1E0B4A5D006451C7 /* Sources */ = {
			isa = PBXSourcesBuildPhase;
			buildActionMask = 2147483647;
			files = (
				2DCD954D1E0B4F2C00145EB5 /* AlBagalTests.m in Sources */,
			);
			runOnlyForDeploymentPostprocessing = 0;
		};
/* End PBXSourcesBuildPhase section */

/* Begin PBXTargetDependency section */
		00E356F51AD99517003FC87E /* PBXTargetDependency */ = {
			isa = PBXTargetDependency;
			target = 13B07F861A680F5B00A75B9A /* AlBagal */;
			targetProxy = 00E356F41AD99517003FC87E /* PBXContainerItemProxy */;
		};
		2D02E4921E0B4A5D006451C7 /* PBXTargetDependency */ = {
			isa = PBXTargetDependency;
			target = 2D02E47A1E0B4A5D006451C7 /* AlBagal-tvOS */;
			targetProxy = 2D02E4911E0B4A5D006451C7 /* PBXContainerItemProxy */;
		};
/* End PBXTargetDependency section */

/* Begin PBXVariantGroup section */
		13B07FB11A68108700A75B9A /* LaunchScreen.xib */ = {
			isa = PBXVariantGroup;
			children = (
				13B07FB21A68108700A75B9A /* Base */,
			);
			name = LaunchScreen.xib;
			path = AlBagal;
			sourceTree = "<group>";
		};
/* End PBXVariantGroup section */

/* Begin XCBuildConfiguration section */
		00E356F61AD99517003FC87E /* Debug */ = {
			isa = XCBuildConfiguration;
			baseConfigurationReference = A70C36B30E883BF8B7EFCEE7 /* Pods-AlBagalTests.debug.xcconfig */;
			buildSettings = {
				BUNDLE_LOADER = "$(TEST_HOST)";
				GCC_PREPROCESSOR_DEFINITIONS = (
					"DEBUG=1",
					"$(inherited)",
				);
				INFOPLIST_FILE = AlBagalTests/Info.plist;
				IPHONEOS_DEPLOYMENT_TARGET = 9.0;
				LD_RUNPATH_SEARCH_PATHS = "$(inherited) @executable_path/Frameworks @loader_path/Frameworks";
				OTHER_LDFLAGS = (
					"-ObjC",
					"-lc++",
					"$(inherited)",
				);
				PRODUCT_BUNDLE_IDENTIFIER = "org.reactjs.native.example.$(PRODUCT_NAME:rfc1034identifier)";
				PRODUCT_NAME = "$(TARGET_NAME)";
				TEST_HOST = "$(BUILT_PRODUCTS_DIR)/AlBagal.app/AlBagal";
			};
			name = Debug;
		};
		00E356F71AD99517003FC87E /* Release */ = {
			isa = XCBuildConfiguration;
			baseConfigurationReference = 44995F8205D151E00161F8F8 /* Pods-AlBagalTests.release.xcconfig */;
			buildSettings = {
				BUNDLE_LOADER = "$(TEST_HOST)";
				COPY_PHASE_STRIP = NO;
				INFOPLIST_FILE = AlBagalTests/Info.plist;
				IPHONEOS_DEPLOYMENT_TARGET = 9.0;
				LD_RUNPATH_SEARCH_PATHS = "$(inherited) @executable_path/Frameworks @loader_path/Frameworks";
				OTHER_LDFLAGS = (
					"-ObjC",
					"-lc++",
					"$(inherited)",
				);
				PRODUCT_BUNDLE_IDENTIFIER = "org.reactjs.native.example.$(PRODUCT_NAME:rfc1034identifier)";
				PRODUCT_NAME = "$(TARGET_NAME)";
				TEST_HOST = "$(BUILT_PRODUCTS_DIR)/AlBagal.app/AlBagal";
			};
			name = Release;
		};
		13B07F941A680F5B00A75B9A /* Debug */ = {
			isa = XCBuildConfiguration;
			baseConfigurationReference = E574DEED2E8BE7E40AB40267 /* Pods-AlBagal.debug.xcconfig */;
			buildSettings = {
				ASSETCATALOG_COMPILER_APPICON_NAME = AppIcon;
				CURRENT_PROJECT_VERSION = 1;
				DEAD_CODE_STRIPPING = NO;
				INFOPLIST_FILE = AlBagal/Info.plist;
				LD_RUNPATH_SEARCH_PATHS = "$(inherited) @executable_path/Frameworks";
				OTHER_LDFLAGS = (
					"$(inherited)",
					"-ObjC",
					"-lc++",
				);
				PRODUCT_BUNDLE_IDENTIFIER = "org.reactjs.native.example.$(PRODUCT_NAME:rfc1034identifier)";
				PRODUCT_NAME = AlBagal;
				VERSIONING_SYSTEM = "apple-generic";
			};
			name = Debug;
		};
		13B07F951A680F5B00A75B9A /* Release */ = {
			isa = XCBuildConfiguration;
			baseConfigurationReference = 43FA70DB51950C279AE776EC /* Pods-AlBagal.release.xcconfig */;
			buildSettings = {
				ASSETCATALOG_COMPILER_APPICON_NAME = AppIcon;
				CURRENT_PROJECT_VERSION = 1;
				INFOPLIST_FILE = AlBagal/Info.plist;
				LD_RUNPATH_SEARCH_PATHS = "$(inherited) @executable_path/Frameworks";
				OTHER_LDFLAGS = (
					"$(inherited)",
					"-ObjC",
					"-lc++",
				);
				PRODUCT_BUNDLE_IDENTIFIER = "org.reactjs.native.example.$(PRODUCT_NAME:rfc1034identifier)";
				PRODUCT_NAME = AlBagal;
				VERSIONING_SYSTEM = "apple-generic";
			};
			name = Release;
		};
		2D02E4971E0B4A5E006451C7 /* Debug */ = {
			isa = XCBuildConfiguration;
			baseConfigurationReference = A6ED38C515B8E741A173172A /* Pods-AlBagal-tvOS.debug.xcconfig */;
			buildSettings = {
				ASSETCATALOG_COMPILER_APPICON_NAME = "App Icon & Top Shelf Image";
				ASSETCATALOG_COMPILER_LAUNCHIMAGE_NAME = LaunchImage;
				CLANG_ANALYZER_NONNULL = YES;
				CLANG_WARN_DOCUMENTATION_COMMENTS = YES;
				CLANG_WARN_INFINITE_RECURSION = YES;
				CLANG_WARN_SUSPICIOUS_MOVE = YES;
				DEBUG_INFORMATION_FORMAT = dwarf;
				ENABLE_TESTABILITY = YES;
				GCC_NO_COMMON_BLOCKS = YES;
				INFOPLIST_FILE = "AlBagal-tvOS/Info.plist";
				LD_RUNPATH_SEARCH_PATHS = "$(inherited) @executable_path/Frameworks";
				OTHER_LDFLAGS = (
					"$(inherited)",
					"-ObjC",
					"-lc++",
				);
				PRODUCT_BUNDLE_IDENTIFIER = "com.facebook.REACT.AlBagal-tvOS";
				PRODUCT_NAME = "$(TARGET_NAME)";
				SDKROOT = appletvos;
				TARGETED_DEVICE_FAMILY = 3;
				TVOS_DEPLOYMENT_TARGET = 9.2;
			};
			name = Debug;
		};
		2D02E4981E0B4A5E006451C7 /* Release */ = {
			isa = XCBuildConfiguration;
			baseConfigurationReference = E18F5B5E306A2AEA2CED215A /* Pods-AlBagal-tvOS.release.xcconfig */;
			buildSettings = {
				ASSETCATALOG_COMPILER_APPICON_NAME = "App Icon & Top Shelf Image";
				ASSETCATALOG_COMPILER_LAUNCHIMAGE_NAME = LaunchImage;
				CLANG_ANALYZER_NONNULL = YES;
				CLANG_WARN_DOCUMENTATION_COMMENTS = YES;
				CLANG_WARN_INFINITE_RECURSION = YES;
				CLANG_WARN_SUSPICIOUS_MOVE = YES;
				COPY_PHASE_STRIP = NO;
				DEBUG_INFORMATION_FORMAT = "dwarf-with-dsym";
				GCC_NO_COMMON_BLOCKS = YES;
				INFOPLIST_FILE = "AlBagal-tvOS/Info.plist";
				LD_RUNPATH_SEARCH_PATHS = "$(inherited) @executable_path/Frameworks";
				OTHER_LDFLAGS = (
					"$(inherited)",
					"-ObjC",
					"-lc++",
				);
				PRODUCT_BUNDLE_IDENTIFIER = "com.facebook.REACT.AlBagal-tvOS";
				PRODUCT_NAME = "$(TARGET_NAME)";
				SDKROOT = appletvos;
				TARGETED_DEVICE_FAMILY = 3;
				TVOS_DEPLOYMENT_TARGET = 9.2;
			};
			name = Release;
		};
		2D02E4991E0B4A5E006451C7 /* Debug */ = {
			isa = XCBuildConfiguration;
			baseConfigurationReference = EF776C70E03593C73BEF46EF /* Pods-AlBagal-tvOSTests.debug.xcconfig */;
			buildSettings = {
				BUNDLE_LOADER = "$(TEST_HOST)";
				CLANG_ANALYZER_NONNULL = YES;
				CLANG_WARN_DOCUMENTATION_COMMENTS = YES;
				CLANG_WARN_INFINITE_RECURSION = YES;
				CLANG_WARN_SUSPICIOUS_MOVE = YES;
				DEBUG_INFORMATION_FORMAT = dwarf;
				ENABLE_TESTABILITY = YES;
				GCC_NO_COMMON_BLOCKS = YES;
				INFOPLIST_FILE = "AlBagal-tvOSTests/Info.plist";
				LD_RUNPATH_SEARCH_PATHS = "$(inherited) @executable_path/Frameworks @loader_path/Frameworks";
				OTHER_LDFLAGS = (
					"$(inherited)",
					"-ObjC",
					"-lc++",
				);
				PRODUCT_BUNDLE_IDENTIFIER = "com.facebook.REACT.AlBagal-tvOSTests";
				PRODUCT_NAME = "$(TARGET_NAME)";
				SDKROOT = appletvos;
				TEST_HOST = "$(BUILT_PRODUCTS_DIR)/AlBagal-tvOS.app/AlBagal-tvOS";
				TVOS_DEPLOYMENT_TARGET = 10.1;
			};
			name = Debug;
		};
		2D02E49A1E0B4A5E006451C7 /* Release */ = {
			isa = XCBuildConfiguration;
			baseConfigurationReference = 16E7A1003AB759371F9CD3F5 /* Pods-AlBagal-tvOSTests.release.xcconfig */;
			buildSettings = {
				BUNDLE_LOADER = "$(TEST_HOST)";
				CLANG_ANALYZER_NONNULL = YES;
				CLANG_WARN_DOCUMENTATION_COMMENTS = YES;
				CLANG_WARN_INFINITE_RECURSION = YES;
				CLANG_WARN_SUSPICIOUS_MOVE = YES;
				COPY_PHASE_STRIP = NO;
				DEBUG_INFORMATION_FORMAT = "dwarf-with-dsym";
				GCC_NO_COMMON_BLOCKS = YES;
				INFOPLIST_FILE = "AlBagal-tvOSTests/Info.plist";
				LD_RUNPATH_SEARCH_PATHS = "$(inherited) @executable_path/Frameworks @loader_path/Frameworks";
				OTHER_LDFLAGS = (
					"$(inherited)",
					"-ObjC",
					"-lc++",
				);
				PRODUCT_BUNDLE_IDENTIFIER = "com.facebook.REACT.AlBagal-tvOSTests";
				PRODUCT_NAME = "$(TARGET_NAME)";
				SDKROOT = appletvos;
				TEST_HOST = "$(BUILT_PRODUCTS_DIR)/AlBagal-tvOS.app/AlBagal-tvOS";
				TVOS_DEPLOYMENT_TARGET = 10.1;
			};
			name = Release;
		};
		83CBBA201A601CBA00E9B192 /* Debug */ = {
			isa = XCBuildConfiguration;
			buildSettings = {
				ALWAYS_SEARCH_USER_PATHS = NO;
				CLANG_CXX_LANGUAGE_STANDARD = "gnu++0x";
				CLANG_CXX_LIBRARY = "libc++";
				CLANG_ENABLE_MODULES = YES;
				CLANG_ENABLE_OBJC_ARC = YES;
				CLANG_WARN_BLOCK_CAPTURE_AUTORELEASING = YES;
				CLANG_WARN_BOOL_CONVERSION = YES;
				CLANG_WARN_COMMA = YES;
				CLANG_WARN_CONSTANT_CONVERSION = YES;
				CLANG_WARN_DEPRECATED_OBJC_IMPLEMENTATIONS = YES;
				CLANG_WARN_DIRECT_OBJC_ISA_USAGE = YES_ERROR;
				CLANG_WARN_EMPTY_BODY = YES;
				CLANG_WARN_ENUM_CONVERSION = YES;
				CLANG_WARN_INFINITE_RECURSION = YES;
				CLANG_WARN_INT_CONVERSION = YES;
				CLANG_WARN_NON_LITERAL_NULL_CONVERSION = YES;
				CLANG_WARN_OBJC_IMPLICIT_RETAIN_SELF = YES;
				CLANG_WARN_OBJC_LITERAL_CONVERSION = YES;
				CLANG_WARN_OBJC_ROOT_CLASS = YES_ERROR;
				CLANG_WARN_RANGE_LOOP_ANALYSIS = YES;
				CLANG_WARN_STRICT_PROTOTYPES = YES;
				CLANG_WARN_SUSPICIOUS_MOVE = YES;
				CLANG_WARN_UNREACHABLE_CODE = YES;
				CLANG_WARN__DUPLICATE_METHOD_MATCH = YES;
				"CODE_SIGN_IDENTITY[sdk=iphoneos*]" = "iPhone Developer";
				COPY_PHASE_STRIP = NO;
				ENABLE_STRICT_OBJC_MSGSEND = YES;
				ENABLE_TESTABILITY = YES;
				GCC_C_LANGUAGE_STANDARD = gnu99;
				GCC_DYNAMIC_NO_PIC = NO;
				GCC_NO_COMMON_BLOCKS = YES;
				GCC_OPTIMIZATION_LEVEL = 0;
				GCC_PREPROCESSOR_DEFINITIONS = (
					"DEBUG=1",
					"$(inherited)",
				);
				GCC_SYMBOLS_PRIVATE_EXTERN = NO;
				GCC_WARN_64_TO_32_BIT_CONVERSION = YES;
				GCC_WARN_ABOUT_RETURN_TYPE = YES_ERROR;
				GCC_WARN_UNDECLARED_SELECTOR = YES;
				GCC_WARN_UNINITIALIZED_AUTOS = YES_AGGRESSIVE;
				GCC_WARN_UNUSED_FUNCTION = YES;
				GCC_WARN_UNUSED_VARIABLE = YES;
				IPHONEOS_DEPLOYMENT_TARGET = 9.0;
				MTL_ENABLE_DEBUG_INFO = YES;
				ONLY_ACTIVE_ARCH = YES;
				SDKROOT = iphoneos;
			};
			name = Debug;
		};
		83CBBA211A601CBA00E9B192 /* Release */ = {
			isa = XCBuildConfiguration;
			buildSettings = {
				ALWAYS_SEARCH_USER_PATHS = NO;
				CLANG_CXX_LANGUAGE_STANDARD = "gnu++0x";
				CLANG_CXX_LIBRARY = "libc++";
				CLANG_ENABLE_MODULES = YES;
				CLANG_ENABLE_OBJC_ARC = YES;
				CLANG_WARN_BLOCK_CAPTURE_AUTORELEASING = YES;
				CLANG_WARN_BOOL_CONVERSION = YES;
				CLANG_WARN_COMMA = YES;
				CLANG_WARN_CONSTANT_CONVERSION = YES;
				CLANG_WARN_DEPRECATED_OBJC_IMPLEMENTATIONS = YES;
				CLANG_WARN_DIRECT_OBJC_ISA_USAGE = YES_ERROR;
				CLANG_WARN_EMPTY_BODY = YES;
				CLANG_WARN_ENUM_CONVERSION = YES;
				CLANG_WARN_INFINITE_RECURSION = YES;
				CLANG_WARN_INT_CONVERSION = YES;
				CLANG_WARN_NON_LITERAL_NULL_CONVERSION = YES;
				CLANG_WARN_OBJC_IMPLICIT_RETAIN_SELF = YES;
				CLANG_WARN_OBJC_LITERAL_CONVERSION = YES;
				CLANG_WARN_OBJC_ROOT_CLASS = YES_ERROR;
				CLANG_WARN_RANGE_LOOP_ANALYSIS = YES;
				CLANG_WARN_STRICT_PROTOTYPES = YES;
				CLANG_WARN_SUSPICIOUS_MOVE = YES;
				CLANG_WARN_UNREACHABLE_CODE = YES;
				CLANG_WARN__DUPLICATE_METHOD_MATCH = YES;
				"CODE_SIGN_IDENTITY[sdk=iphoneos*]" = "iPhone Developer";
				COPY_PHASE_STRIP = YES;
				ENABLE_NS_ASSERTIONS = NO;
				ENABLE_STRICT_OBJC_MSGSEND = YES;
				GCC_C_LANGUAGE_STANDARD = gnu99;
				GCC_NO_COMMON_BLOCKS = YES;
				GCC_WARN_64_TO_32_BIT_CONVERSION = YES;
				GCC_WARN_ABOUT_RETURN_TYPE = YES_ERROR;
				GCC_WARN_UNDECLARED_SELECTOR = YES;
				GCC_WARN_UNINITIALIZED_AUTOS = YES_AGGRESSIVE;
				GCC_WARN_UNUSED_FUNCTION = YES;
				GCC_WARN_UNUSED_VARIABLE = YES;
				IPHONEOS_DEPLOYMENT_TARGET = 9.0;
				MTL_ENABLE_DEBUG_INFO = NO;
				SDKROOT = iphoneos;
				VALIDATE_PRODUCT = YES;
			};
			name = Release;
		};
/* End XCBuildConfiguration section */

/* Begin XCConfigurationList section */
		00E357021AD99517003FC87E /* Build configuration list for PBXNativeTarget "AlBagalTests" */ = {
			isa = XCConfigurationList;
			buildConfigurations = (
				00E356F61AD99517003FC87E /* Debug */,
				00E356F71AD99517003FC87E /* Release */,
			);
			defaultConfigurationIsVisible = 0;
			defaultConfigurationName = Release;
		};
		13B07F931A680F5B00A75B9A /* Build configuration list for PBXNativeTarget "AlBagal" */ = {
			isa = XCConfigurationList;
			buildConfigurations = (
				13B07F941A680F5B00A75B9A /* Debug */,
				13B07F951A680F5B00A75B9A /* Release */,
			);
			defaultConfigurationIsVisible = 0;
			defaultConfigurationName = Release;
		};
		2D02E4BA1E0B4A5E006451C7 /* Build configuration list for PBXNativeTarget "AlBagal-tvOS" */ = {
			isa = XCConfigurationList;
			buildConfigurations = (
				2D02E4971E0B4A5E006451C7 /* Debug */,
				2D02E4981E0B4A5E006451C7 /* Release */,
			);
			defaultConfigurationIsVisible = 0;
			defaultConfigurationName = Release;
		};
		2D02E4BB1E0B4A5E006451C7 /* Build configuration list for PBXNativeTarget "AlBagal-tvOSTests" */ = {
			isa = XCConfigurationList;
			buildConfigurations = (
				2D02E4991E0B4A5E006451C7 /* Debug */,
				2D02E49A1E0B4A5E006451C7 /* Release */,
			);
			defaultConfigurationIsVisible = 0;
			defaultConfigurationName = Release;
		};
		83CBB9FA1A601CBA00E9B192 /* Build configuration list for PBXProject "AlBagal" */ = {
			isa = XCConfigurationList;
			buildConfigurations = (
				83CBBA201A601CBA00E9B192 /* Debug */,
				83CBBA211A601CBA00E9B192 /* Release */,
			);
			defaultConfigurationIsVisible = 0;
			defaultConfigurationName = Release;
		};
/* End XCConfigurationList section */
	};
	rootObject = 83CBB9F71A601CBA00E9B192 /* Project object */;
}
